# THIS IS AN AUTOGENERATED FILE. DO NOT EDIT THIS FILE DIRECTLY.
# yarn lockfile v1


"@babel/core@thachnn/webpack-bundle#_babel/core-7.17.10":
  version "7.17.10"
  resolved "https://codeload.github.com/thachnn/webpack-bundle/tar.gz/refs/heads/_babel/core-7.17.10"

"@babel/preset-env@thachnn/webpack-bundle#_babel/preset-env-7.17.10":
  version "7.17.10"
  resolved "https://codeload.github.com/thachnn/webpack-bundle/tar.gz/refs/heads/_babel/preset-env-7.17.10"

"@babel/preset-typescript@thachnn/webpack-bundle#_babel/preset-typescript-7.16.7":
  version "7.16.7"
  resolved "https://codeload.github.com/thachnn/webpack-bundle/tar.gz/refs/heads/_babel/preset-typescript-7.16.7"

"@trysound/sax@0.2.0":
  version "0.2.0"
  resolved "https://registry.yarnpkg.com/@trysound/sax/-/sax-0.2.0.tgz#cccaab758af56761eb7bf37af6f03f326dd798ad"
  integrity sha512-L7z9BgrNEcYyUYtF+HaEfiS5ebkh9jXqbszz7pC0hRBPaatV0XjSD3+eHrpqFemQfgwiFF0QPIarnIihIDn7OA==

babel-loader@thachnn/webpack-bundle#babel-loader-8.2.5:
  version "8.2.5"
  resolved "https://codeload.github.com/thachnn/webpack-bundle/tar.gz/refs/heads/babel-loader-8.2.5"

boolbase@^1.0.0:
  version "1.0.0"
  resolved "https://registry.yarnpkg.com/boolbase/-/boolbase-1.0.0.tgz#68dff5fbe60c51eb37725ea9e3ed310dcc1e776e"
  integrity sha512-JZOSA7Mo9sNGB8+UjSgzdLtokWAky1zbztM3WRLCbZ70/3cTANmQmOdR7y2g+J0e2WXywy1yS468tY+IruqEww==

commander@^7.2.0:
  version "7.2.0"
  resolved "https://registry.yarnpkg.com/commander/-/commander-7.2.0.tgz#a36cb57d0b501ce108e4d20559a150a391d97ab7"
  integrity sha512-QrWXB+ZQSVPmIWIhtEO9H+gwHaMGYiF5ChvoJ+K9ZGHG/sVsa6yiesAD1GC/x46sET00Xlwo1u49RVVVzvcSkw==

css-select@^4.1.3, css-select@fb55/css-select#v4.1.3:
  version "4.1.3"
  resolved "https://codeload.github.com/fb55/css-select/tar.gz/refs/tags/v4.1.3"
  dependencies:
    boolbase "^1.0.0"
    css-what "^5.0.0"
    domhandler "^4.2.0"
    domutils "^2.6.0"
    nth-check "^2.0.0"

css-tree@^1.1.2, css-tree@^1.1.3:
  version "1.1.3"
  resolved "https://registry.yarnpkg.com/css-tree/-/css-tree-1.1.3.tgz#eb4870fb6fd7707327ec95c2ff2ab09b5e8db91d"
  integrity sha512-tRpdppF7TRazZrjJ6v3stzv93qxRcSsFmW6cX0Zm2NVKpxE1WV1HblnghVv9TreireHkqI/VDEsfolRF1p6y7Q==
  dependencies:
    mdn-data "2.0.14"
    source-map "^0.6.1"

css-what@^5.0.0, css-what@fb55/css-what#v5.1.0:
  version "5.1.0"
  resolved "https://codeload.github.com/fb55/css-what/tar.gz/refs/tags/v5.1.0"

csso@^4.2.0:
  version "4.2.0"
  resolved "https://registry.yarnpkg.com/csso/-/csso-4.2.0.tgz#ea3a561346e8dc9f546d6febedd50187cf389529"
  integrity sha512-wvlcdIbf6pwKEk7vHj8/Bkc0B4ylXZruLvOgs9doS5eOsOpuodOV2zJChSpkp+pRpYQLQMeF04nr3Z68Sta9jA==
  dependencies:
    css-tree "^1.1.2"

dom-serializer@^1.0.1, dom-serializer@cheeriojs/dom-serializer#v1.3.2:
  version "1.3.2"
  resolved "https://codeload.github.com/cheeriojs/dom-serializer/tar.gz/refs/tags/v1.3.2"
  dependencies:
    domelementtype "^2.0.1"
    domhandler "^4.2.0"
    entities "^2.0.0"

domelementtype@^2.0.1, domelementtype@^2.2.0, domelementtype@fb55/domelementtype#v2.2.0:
  version "2.2.0"
  resolved "https://codeload.github.com/fb55/domelementtype/tar.gz/refs/tags/v2.2.0"

domhandler@^4.2.0, domhandler@fb55/domhandler#v4.2.2:
  version "4.2.2"
  resolved "https://codeload.github.com/fb55/domhandler/tar.gz/refs/tags/v4.2.2"
  dependencies:
    domelementtype "^2.2.0"

domutils@^2.6.0, domutils@fb55/domutils#v2.8.0:
  version "2.8.0"
  resolved "https://codeload.github.com/fb55/domutils/tar.gz/refs/tags/v2.8.0"
  dependencies:
    dom-serializer "^1.0.1"
    domelementtype "^2.2.0"
    domhandler "^4.2.0"

entities@^2.0.0, entities@fb55/entities#v2.2.0:
  version "2.2.0"
  resolved "https://codeload.github.com/fb55/entities/tar.gz/refs/tags/v2.2.0"

mdn-data@2.0.14:
  version "2.0.14"
  resolved "https://registry.yarnpkg.com/mdn-data/-/mdn-data-2.0.14.tgz#7113fc4281917d63ce29b43446f701e68c25ba50"
  integrity sha512-dn6wd0uw5GsdswPFfsgMp5NSB0/aDe6fK94YJV/AJDYXL6HVLWBsxeq7js7Ad+mU2K9LAlwpk6kN2D5mwCPVow==

nth-check@^2.0.0, nth-check@fb55/nth-check#v2.0.1:
  version "2.0.1"
  resolved "https://codeload.github.com/fb55/nth-check/tar.gz/refs/tags/v2.0.1"
  dependencies:
    boolbase "^1.0.0"

picocolors@^1.0.0:
  version "1.0.0"
  resolved "https://registry.yarnpkg.com/picocolors/-/picocolors-1.0.0.tgz#cb5bdc74ff3f51892236eaf79d68bc44564ab81c"
  integrity sha512-1fygroTLlHu66zi26VoTDv8yRgm0Fccecssto+MhsZ0D/DGW2sm8E8AjW7NU5VVTRt5GxbeZ5qBuJr+HyLYkjQ==

rimraf@^2.2.8:
  version "2.2.8"
  resolved "https://registry.yarnpkg.com/rimraf/-/rimraf-2.2.8.tgz#e439be2aaee327321952730f99a8929e4fc50582"
  integrity sha512-R5KMKHnPAQaZMqLOsyuyUmcIjSeDm+73eoqQpaXA7AZ22BL+6C+1mcUscgOsNd8WVlJuvlgAPsegcx7pjlV0Dg==

source-map@^0.6.1:
  version "0.6.1"
  resolved "https://registry.yarnpkg.com/source-map/-/source-map-0.6.1.tgz#74722af32e9614e9c287a8d0bbde48b5e2f1a263"
  integrity sha512-UjgapumWlbMhkBgzT7Ykc5YXUT46F0iKu8SGXq0bcwP5dz/h0Plj6enJqjz1Zbq2l5WaqYnrVbwWOWMyF3F47g==

stable@^0.1.8:
  version "0.1.8"
  resolved "https://registry.yarnpkg.com/stable/-/stable-0.1.8.tgz#836eb3c8382fe2936feaf544631017ce7d47a3cf"
  integrity sha512-ji9qxRnOVfcuLDySj9qzhGSEFVobyt1kIOSkj1qZzYLzq7Tos/oUUWvotUPQLlrsidqsK6tBH89Bc9kL5zHA6w==

svgo@^2.8.0:
  version "2.8.0"
  resolved "https://registry.yarnpkg.com/svgo/-/svgo-2.8.0.tgz#4ff80cce6710dc2795f0c7c74101e6764cfccd24"
  integrity sha512-+N/Q9kV1+F+UeWYoSiULYo4xYSDQlTgb+ayMobAXPwMnLvop7oxKMo9OzIrX5x3eS4L4f2UHhc9axXwY8DpChg==
  dependencies:
    "@trysound/sax" "0.2.0"
    commander "^7.2.0"
    css-select "^4.1.3"
    css-tree "^1.1.3"
    csso "^4.2.0"
    picocolors "^1.0.0"
    stable "^0.1.8"

v8-compile-cache@2:
  version "2.3.0"
  resolved "https://registry.yarnpkg.com/v8-compile-cache/-/v8-compile-cache-2.3.0.tgz#2de19618c66dc247dcfb6f99338035d8245a2cee"
  integrity sha512-l8lCEmLcLYZh4nbunNZvQCJc5pv7+RCwa8q/LdUx8u7lsWvPDKmpodJAJNwkAhJC//dFY48KuIEmjtd4RViDrA==

webpack-cli@thachnn/webpack-bundle#cli-4.10.0:
  version "4.10.0"
  resolved "https://codeload.github.com/thachnn/webpack-bundle/tar.gz/refs/heads/cli-4.10.0"

webpack@thachnn/webpack-bundle#v5.74.0:
  version "5.74.0-0"
  resolved "https://codeload.github.com/thachnn/webpack-bundle/tar.gz/refs/heads/v5.74.0"
